# THIS IS AN AUTOGENERATED FILE. DO NOT EDIT THIS FILE DIRECTLY.
# yarn lockfile v1


binary-parser@^1.7.0:
  version "1.7.0"
  resolved "https://registry.yarnpkg.com/binary-parser/-/binary-parser-1.7.0.tgz#117dbfb071dde44a4910ea072a8d32e1549e8e12"
  integrity sha512-lIWQLmiEJtx2ZAUPbZWLA/0bgxYdWkySU9pZq5dNRcyzliZCBIwbgLeyydu57GFskGcZDbirMjPSgVcUgZpbdg==

minimist@^1.2.5:
  version "1.2.5"
  resolved "https://registry.yarnpkg.com/minimist/-/minimist-1.2.5.tgz#67d66014b66a6a8aaa0c083c5fd58df4e4e97602"
  integrity sha512-FM9nNUYrRBAELZQT3xeZQ7fmMOBg6nWNmJKTcgsJeaLstP/UODVpGsr5OhXhhXg6f+qtJ8uiZ+PUxkDWcgIXLw==

onomondo-ip-checker@onomondo/onomondo-ip-checker:
  version "1.2.1"
  resolved "git+ssh://git@github.com/onomondo/onomondo-ip-checker.git#8e90b405a2b1b980add65d38d40166607fafcf1a"

pcap-parser@^0.2.1:
  version "0.2.1"
  resolved "https://registry.yarnpkg.com/pcap-parser/-/pcap-parser-0.2.1.tgz#0a797ae810c28ff08ce9108bc509d323bfe6aa6f"
  integrity sha1-Cnl66BDCj/CM6RCLxQnTI7/mqm8=

pretty-bytes@^5.6.0:
  version "5.6.0"
  resolved "https://registry.yarnpkg.com/pretty-bytes/-/pretty-bytes-5.6.0.tgz#356256f643804773c82f64723fe78c92c62beaeb"
  integrity sha512-FFw039TmrBqFK8ma/7OL3sDz/VytdtJr044/QUJtH0wK9lb9jLq9tJyIxUwtQJHwar2BqtiA4iCWSwo9JLkzFg==
